github.com/Joey-Kot/ASR-Audio-Preprocess v0.0.0-20260709154624-207248af702d h1:6u8HTuE4N0p0XrKGuqklAAbxCVKuvAckbxrjE+wfol4=
github.com/Joey-Kot/ASR-Audio-Preprocess v0.0.0-20260709154624-207248af702d/go.mod h1:iLe5T+qZpLjds8uqqDugBLqd2cD4cXo9Rlw3Uz95ZgA=
github.com/Joey-Kot/ASR-Audio-Preprocess v0.0.0-20260901092746-72922741cf43 h1:VVj0JO4AHSkkTBwOj187Tf+sp+gIA9HPQmzV8ONXmbo=
github.com/Joey-Kot/ASR-Audio-Preprocess v0.0.0-20260901092746-72922741cf43/go.mod h1:iLe5T+qZpLjds8uqqDugBLqd2cD4cXo9Rlw3Uz95ZgA=
